
Microsoft Visual Studio Solution File, Format Version 12.00
# Visual Studio Version 16
VisualStudioVersion = 16.0.34031.81
MinimumVisualStudioVersion = 10.0.40219.1
Project("{FAE04EC0-301F-11D3-BF4B-00C04F79EFBC}") = "Controle de Convidados", "Controle de Convidados\Controle de Convidados.csproj", "{8E58B8C1-5EBD-4F36-B42F-75879404FB3E}"
EndProject
Global
	GlobalSection(SolutionConfigurationPlatforms) = preSolution
		Debug|Any CPU = Debug|Any CPU
		Debug|x64 = Debug|x64
		exe|Any CPU = exe|Any CPU
		exe|x64 = exe|x64
		Release|Any CPU = Release|Any CPU
		Release|x64 = Release|x64
	EndGlobalSection
	GlobalSection(ProjectConfigurationPlatforms) = postSolution
		{8E58B8C1-5EBD-4F36-B42F-75879404FB3E}.Debug|Any CPU.ActiveCfg = Debug|Any CPU
		{8E58B8C1-5EBD-4F36-B42F-75879404FB3E}.Debug|Any CPU.Build.0 = Debug|Any CPU
		{8E58B8C1-5EBD-4F36-B42F-75879404FB3E}.Debug|x64.ActiveCfg = Debug|x64
		{8E58B8C1-5EBD-4F36-B42F-75879404FB3E}.Debug|x64.Build.0 = Debug|x64
		{8E58B8C1-5EBD-4F36-B42F-75879404FB3E}.exe|Any CPU.ActiveCfg = exe|Any CPU
		{8E58B8C1-5EBD-4F36-B42F-75879404FB3E}.exe|Any CPU.Build.0 = exe|Any CPU
		{8E58B8C1-5EBD-4F36-B42F-75879404FB3E}.exe|x64.ActiveCfg = exe|x64
		{8E58B8C1-5EBD-4F36-B42F-75879404FB3E}.exe|x64.Build.0 = exe|x64
		{8E58B8C1-5EBD-4F36-B42F-75879404FB3E}.Release|Any CPU.ActiveCfg = Release|Any CPU
		{8E58B8C1-5EBD-4F36-B42F-75879404FB3E}.Release|Any CPU.Build.0 = Release|Any CPU
		{8E58B8C1-5EBD-4F36-B42F-75879404FB3E}.Release|x64.ActiveCfg = Release|x64
		{8E58B8C1-5EBD-4F36-B42F-75879404FB3E}.Release|x64.Build.0 = Release|x64
	EndGlobalSection
	GlobalSection(SolutionProperties) = preSolution
		HideSolutionNode = FALSE
	EndGlobalSection
	GlobalSection(ExtensibilityGlobals) = postSolution
		SolutionGuid = {EF9DC1DC-4821-43CD-A075-C8ED878E4DE4}
	EndGlobalSection
EndGlobal
